
Microsoft Visual Studio Solution File, Format Version 12.00
# Visual Studio Version 17
VisualStudioVersion = 17.9.34607.119
MinimumVisualStudioVersion = 10.0.40219.1
Project("{FAE04EC0-301F-11D3-BF4B-00C04F79EFBC}") = "Grade Calculator", "Grade Calculator.csproj", "{BED9AB53-0520-430E-86C4-EF78A15F9EEC}"
EndProject
Global
	GlobalSection(SolutionConfigurationPlatforms) = preSolution
		Debug|Any CPU = Debug|Any CPU
		Release|Any CPU = Release|Any CPU
	EndGlobalSection
	GlobalSection(ProjectConfigurationPlatforms) = postSolution
		{BED9AB53-0520-430E-86C4-EF78A15F9EEC}.Debug|Any CPU.ActiveCfg = Debug|Any CPU
		{BED9AB53-0520-430E-86C4-EF78A15F9EEC}.Debug|Any CPU.Build.0 = Debug|Any CPU
		{BED9AB53-0520-430E-86C4-EF78A15F9EEC}.Release|Any CPU.ActiveCfg = Release|Any CPU
		{BED9AB53-0520-430E-86C4-EF78A15F9EEC}.Release|Any CPU.Build.0 = Release|Any CPU
	EndGlobalSection
	GlobalSection(SolutionProperties) = preSolution
		HideSolutionNode = FALSE
	EndGlobalSection
	GlobalSection(ExtensibilityGlobals) = postSolution
		SolutionGuid = {994F1964-A884-47FC-AF51-ED77FA2815B6}
	EndGlobalSection
EndGlobal
